
Microsoft Visual Studio Solution File, Format Version 12.00
# Visual Studio Version 17
VisualStudioVersion = 17.2.32630.192
MinimumVisualStudioVersion = 10.0.40219.1
Project("{9A19103F-16F7-4668-BE54-9A1E7A4F7556}") = "Clippy", "Clippy.csproj", "{E2A39F72-9E01-4727-8F78-1C01AA5305D3}"
EndProject
Project("{2150E333-8FDC-42A3-9474-1A3956D46DE8}") = "Solution Items", "Solution Items", "{110C1BD6-298F-4934-A3CF-36245101B755}"
EndProject
Global
	GlobalSection(SolutionConfigurationPlatforms) = preSolution
		Debug|Any CPU = Debug|Any CPU
		Release|Any CPU = Release|Any CPU
	EndGlobalSection
	GlobalSection(ProjectConfigurationPlatforms) = postSolution
		{E2A39F72-9E01-4727-8F78-1C01AA5305D3}.Debug|Any CPU.ActiveCfg = Debug|Any CPU
		{E2A39F72-9E01-4727-8F78-1C01AA5305D3}.Debug|Any CPU.Build.0 = Debug|Any CPU
		{E2A39F72-9E01-4727-8F78-1C01AA5305D3}.Release|Any CPU.ActiveCfg = Release|Any CPU
		{E2A39F72-9E01-4727-8F78-1C01AA5305D3}.Release|Any CPU.Build.0 = Release|Any CPU
	EndGlobalSection
	GlobalSection(SolutionProperties) = preSolution
		HideSolutionNode = FALSE
	EndGlobalSection
	GlobalSection(ExtensibilityGlobals) = postSolution
		SolutionGuid = {8FB5ECE6-C4BF-43CD-8BC4-024F31309F21}
	EndGlobalSection
EndGlobal
